// !$*UTF8*$!
{
	archiveVersion = 1;
	classes = {
	};
	objectVersion = 50;
	objects = {

/* Begin PBXBuildFile section */
		D7727CEB2594757000C80DC0 /* AppDelegate.swift in Sources */ = {isa = PBXBuildFile; fileRef = D7727CEA2594757000C80DC0 /* AppDelegate.swift */; };
		D7727CED2594757000C80DC0 /* SceneDelegate.swift in Sources */ = {isa = PBXBuildFile; fileRef = D7727CEC2594757000C80DC0 /* SceneDelegate.swift */; };
		D7727CEF2594757000C80DC0 /* ViewController.swift in Sources */ = {isa = PBXBuildFile; fileRef = D7727CEE2594757000C80DC0 /* ViewController.swift */; };
		D7727CF22594757000C80DC0 /* Main.storyboard in Resources */ = {isa = PBXBuildFile; fileRef = D7727CF02594757000C80DC0 /* Main.storyboard */; };
		D7727CF42594757200C80DC0 /* Assets.xcassets in Resources */ = {isa = PBXBuildFile; fileRef = D7727CF32594757200C80DC0 /* Assets.xcassets */; };
		D7727CF72594757200C80DC0 /* LaunchScreen.storyboard in Resources */ = {isa = PBXBuildFile; fileRef = D7727CF52594757200C80DC0 /* LaunchScreen.storyboard */; };
		D7727D022594757200C80DC0 /* prework_updatedTests.swift in Sources */ = {isa = PBXBuildFile; fileRef = D7727D012594757200C80DC0 /* prework_updatedTests.swift */; };
		D7727D0D2594757300C80DC0 /* prework_updatedUITests.swift in Sources */ = {isa = PBXBuildFile; fileRef = D7727D0C2594757300C80DC0 /* prework_updatedUITests.swift */; };
		D7727D262595504E00C80DC0 /* SettingsViewController.swift in Sources */ = {isa = PBXBuildFile; fileRef = D7727D252595504E00C80DC0 /* SettingsViewController.swift */; };
/* End PBXBuildFile section */

/* Begin PBXContainerItemProxy section */
		D7727CFE2594757200C80DC0 /* PBXContainerItemProxy */ = {
			isa = PBXContainerItemProxy;
			containerPortal = D7727CDF2594757000C80DC0 /* Project object */;
			proxyType = 1;
			remoteGlobalIDString = D7727CE62594757000C80DC0;
			remoteInfo = prework_updated;
		};
		D7727D092594757300C80DC0 /* PBXContainerItemProxy */ = {
			isa = PBXContainerItemProxy;
			containerPortal = D7727CDF2594757000C80DC0 /* Project object */;
			proxyType = 1;
			remoteGlobalIDString = D7727CE62594757000C80DC0;
			remoteInfo = prework_updated;
		};
/* End PBXContainerItemProxy section */

/* Begin PBXFileReference section */
		D7727CE72594757000C80DC0 /* prework_updated.app */ = {isa = PBXFileReference; explicitFileType = wrapper.application; includeInIndex = 0; path = prework_updated.app; sourceTree = BUILT_PRODUCTS_DIR; };
		D7727CEA2594757000C80DC0 /* AppDelegate.swift */ = {isa = PBXFileReference; lastKnownFileType = sourcecode.swift; path = AppDelegate.swift; sourceTree = "<group>"; };
		D7727CEC2594757000C80DC0 /* SceneDelegate.swift */ = {isa = PBXFileReference; lastKnownFileType = sourcecode.swift; path = SceneDelegate.swift; sourceTree = "<group>"; };
		D7727CEE2594757000C80DC0 /* ViewController.swift */ = {isa = PBXFileReference; lastKnownFileType = sourcecode.swift; path = ViewController.swift; sourceTree = "<group>"; };
		D7727CF12594757000C80DC0 /* Base */ = {isa = PBXFileReference; lastKnownFileType = file.storyboard; name = Base; path = Base.lproj/Main.storyboard; sourceTree = "<group>"; };
		D7727CF32594757200C80DC0 /* Assets.xcassets */ = {isa = PBXFileReference; lastKnownFileType = folder.assetcatalog; path = Assets.xcassets; sourceTree = "<group>"; };
		D7727CF62594757200C80DC0 /* Base */ = {isa = PBXFileReference; lastKnownFileType = file.storyboard; name = Base; path = Base.lproj/LaunchScreen.storyboard; sourceTree = "<group>"; };
		D7727CF82594757200C80DC0 /* Info.plist */ = {isa = PBXFileReference; lastKnownFileType = text.plist.xml; path = Info.plist; sourceTree = "<group>"; };
		D7727CFD2594757200C80DC0 /* prework_updatedTests.xctest */ = {isa = PBXFileReference; explicitFileType = wrapper.cfbundle; includeInIndex = 0; path = prework_updatedTests.xctest; sourceTree = BUILT_PRODUCTS_DIR; };
		D7727D012594757200C80DC0 /* prework_updatedTests.swift */ = {isa = PBXFileReference; lastKnownFileType = sourcecode.swift; path = prework_updatedTests.swift; sourceTree = "<group>"; };
		D7727D032594757200C80DC0 /* Info.plist */ = {isa = PBXFileReference; lastKnownFileType = text.plist.xml; path = Info.plist; sourceTree = "<group>"; };
		D7727D082594757300C80DC0 /* prework_updatedUITests.xctest */ = {isa = PBXFileReference; explicitFileType = wrapper.cfbundle; includeInIndex = 0; path = prework_updatedUITests.xctest; sourceTree = BUILT_PRODUCTS_DIR; };
		D7727D0C2594757300C80DC0 /* prework_updatedUITests.swift */ = {isa = PBXFileReference; lastKnownFileType = sourcecode.swift; path = prework_updatedUITests.swift; sourceTree = "<group>"; };
		D7727D0E2594757300C80DC0 /* Info.plist */ = {isa = PBXFileReference; lastKnownFileType = text.plist.xml; path = Info.plist; sourceTree = "<group>"; };
		D7727D252595504E00C80DC0 /* SettingsViewController.swift */ = {isa = PBXFileReference; lastKnownFileType = sourcecode.swift; path = SettingsViewController.swift; sourceTree = "<group>"; };
/* End PBXFileReference section */

/* Begin PBXFrameworksBuildPhase section */
		D7727CE42594757000C80DC0 /* Frameworks */ = {
			isa = PBXFrameworksBuildPhase;
			buildActionMask = 2147483647;
			files = (
			);
			runOnlyForDeploymentPostprocessing = 0;
		};
		D7727CFA2594757200C80DC0 /* Frameworks */ = {
			isa = PBXFrameworksBuildPhase;
			buildActionMask = 2147483647;
			files = (
			);
			runOnlyForDeploymentPostprocessing = 0;
		};
		D7727D052594757300C80DC0 /* Frameworks */ = {
			isa = PBXFrameworksBuildPhase;
			buildActionMask = 2147483647;
			files = (
			);
			runOnlyForDeploymentPostprocessing = 0;
		};
/* End PBXFrameworksBuildPhase section */

/* Begin PBXGroup section */
		D7727CDE2594757000C80DC0 = {
			isa = PBXGroup;
			children = (
				D7727CE92594757000C80DC0 /* prework_updated */,
				D7727D002594757200C80DC0 /* prework_updatedTests */,
				D7727D0B2594757300C80DC0 /* prework_updatedUITests */,
				D7727CE82594757000C80DC0 /* Products */,
			);
			sourceTree = "<group>";
		};
		D7727CE82594757000C80DC0 /* Products */ = {
			isa = PBXGroup;
			children = (
				D7727CE72594757000C80DC0 /* prework_updated.app */,
				D7727CFD2594757200C80DC0 /* prework_updatedTests.xctest */,
				D7727D082594757300C80DC0 /* prework_updatedUITests.xctest */,
			);
			name = Products;
			sourceTree = "<group>";
		};
		D7727CE92594757000C80DC0 /* prework_updated */ = {
			isa = PBXGroup;
			children = (
				D7727CEA2594757000C80DC0 /* AppDelegate.swift */,
				D7727CEC2594757000C80DC0 /* SceneDelegate.swift */,
				D7727CEE2594757000C80DC0 /* ViewController.swift */,
				D7727CF02594757000C80DC0 /* Main.storyboard */,
				D7727D252595504E00C80DC0 /* SettingsViewController.swift */,
				D7727CF32594757200C80DC0 /* Assets.xcassets */,
				D7727CF52594757200C80DC0 /* LaunchScreen.storyboard */,
				D7727CF82594757200C80DC0 /* Info.plist */,
			);
			path = prework_updated;
			sourceTree = "<group>";
		};
		D7727D002594757200C80DC0 /* prework_updatedTests */ = {
			isa = PBXGroup;
			children = (
				D7727D012594757200C80DC0 /* prework_updatedTests.swift */,
				D7727D032594757200C80DC0 /* Info.plist */,
			);
			path = prework_updatedTests;
			sourceTree = "<group>";
		};
		D7727D0B2594757300C80DC0 /* prework_updatedUITests */ = {
			isa = PBXGroup;
			children = (
				D7727D0C2594757300C80DC0 /* prework_updatedUITests.swift */,
				D7727D0E2594757300C80DC0 /* Info.plist */,
			);
			path = prework_updatedUITests;
			sourceTree = "<group>";
		};
/* End PBXGroup section */

/* Begin PBXNativeTarget section */
		D7727CE62594757000C80DC0 /* prework_updated */ = {
			isa = PBXNativeTarget;
			buildConfigurationList = D7727D112594757300C80DC0 /* Build configuration list for PBXNativeTarget "prework_updated" */;
			buildPhases = (
				D7727CE32594757000C80DC0 /* Sources */,
				D7727CE42594757000C80DC0 /* Frameworks */,
				D7727CE52594757000C80DC0 /* Resources */,
			);
			buildRules = (
			);
			dependencies = (
			);
			name = prework_updated;
			productName = prework_updated;
			productReference = D7727CE72594757000C80DC0 /* prework_updated.app */;
			productType = "com.apple.product-type.application";
		};
		D7727CFC2594757200C80DC0 /* prework_updatedTests */ = {
			isa = PBXNativeTarget;
			buildConfigurationList = D7727D142594757300C80DC0 /* Build configuration list for PBXNativeTarget "prework_updatedTests" */;
			buildPhases = (
				D7727CF92594757200C80DC0 /* Sources */,
				D7727CFA2594757200C80DC0 /* Frameworks */,
				D7727CFB2594757200C80DC0 /* Resources */,
			);
			buildRules = (
			);
			dependencies = (
				D7727CFF2594757200C80DC0 /* PBXTargetDependency */,
			);
			name = prework_updatedTests;
			productName = prework_updatedTests;
			productReference = D7727CFD2594757200C80DC0 /* prework_updatedTests.xctest */;
			productType = "com.apple.product-type.bundle.unit-test";
		};
		D7727D072594757300C80DC0 /* prework_updatedUITests */ = {
			isa = PBXNativeTarget;
			buildConfigurationList = D7727D172594757300C80DC0 /* Build configuration list for PBXNativeTarget "prework_updatedUITests" */;
			buildPhases = (
				D7727D042594757300C80DC0 /* Sources */,
				D7727D052594757300C80DC0 /* Frameworks */,
				D7727D062594757300C80DC0 /* Resources */,
			);
			buildRules = (
			);
			dependencies = (
				D7727D0A2594757300C80DC0 /* PBXTargetDependency */,
			);
			name = prework_updatedUITests;
			productName = prework_updatedUITests;
			productReference = D7727D082594757300C80DC0 /* prework_updatedUITests.xctest */;
			productType = "com.apple.product-type.bundle.ui-testing";
		};
/* End PBXNativeTarget section */

/* Begin PBXProject section */
		D7727CDF2594757000C80DC0 /* Project object */ = {
			isa = PBXProject;
			attributes = {
				LastSwiftUpdateCheck = 1230;
				LastUpgradeCheck = 1230;
				TargetAttributes = {
					D7727CE62594757000C80DC0 = {
						CreatedOnToolsVersion = 12.3;
					};
					D7727CFC2594757200C80DC0 = {
						CreatedOnToolsVersion = 12.3;
						TestTargetID = D7727CE62594757000C80DC0;
					};
					D7727D072594757300C80DC0 = {
						CreatedOnToolsVersion = 12.3;
						TestTargetID = D7727CE62594757000C80DC0;
					};
				};
			};
			buildConfigurationList = D7727CE22594757000C80DC0 /* Build configuration list for PBXProject "prework_updated" */;
			compatibilityVersion = "Xcode 9.3";
			developmentRegion = en;
			hasScannedForEncodings = 0;
			knownRegions = (
				en,
				Base,
			);
			mainGroup = D7727CDE2594757000C80DC0;
			productRefGroup = D7727CE82594757000C80DC0 /* Products */;
			projectDirPath = "";
			projectRoot = "";
			targets = (
				D7727CE62594757000C80DC0 /* prework_updated */,
				D7727CFC2594757200C80DC0 /* prework_updatedTests */,
				D7727D072594757300C80DC0 /* prework_updatedUITests */,
			);
		};
/* End PBXProject section */

/* Begin PBXResourcesBuildPhase section */
		D7727CE52594757000C80DC0 /* Resources */ = {
			isa = PBXResourcesBuildPhase;
			buildActionMask = 2147483647;
			files = (
				D7727CF72594757200C80DC0 /* LaunchScreen.storyboard in Resources */,
				D7727CF42594757200C80DC0 /* Assets.xcassets in Resources */,
				D7727CF22594757000C80DC0 /* Main.storyboard in Resources */,
			);
			runOnlyForDeploymentPostprocessing = 0;
		};
		D7727CFB2594757200C80DC0 /* Resources */ = {
			isa = PBXResourcesBuildPhase;
			buildActionMask = 2147483647;
			files = (
			);
			runOnlyForDeploymentPostprocessing = 0;
		};
		D7727D062594757300C80DC0 /* Resources */ = {
			isa = PBXResourcesBuildPhase;
			buildActionMask = 2147483647;
			files = (
			);
			runOnlyForDeploymentPostprocessing = 0;
		};
/* End PBXResourcesBuildPhase section */

/* Begin PBXSourcesBuildPhase section */
		D7727CE32594757000C80DC0 /* Sources */ = {
			isa = PBXSourcesBuildPhase;
			buildActionMask = 2147483647;
			files = (
				D7727CEF2594757000C80DC0 /* ViewController.swift in Sources */,
				D7727CEB2594757000C80DC0 /* AppDelegate.swift in Sources */,
				D7727CED2594757000C80DC0 /* SceneDelegate.swift in Sources */,
				D7727D262595504E00C80DC0 /* SettingsViewController.swift in Sources */,
			);
			runOnlyForDeploymentPostprocessing = 0;
		};
		D7727CF92594757200C80DC0 /* Sources */ = {
			isa = PBXSourcesBuildPhase;
			buildActionMask = 2147483647;
			files = (
				D7727D022594757200C80DC0 /* prework_updatedTests.swift in Sources */,
			);
			runOnlyForDeploymentPostprocessing = 0;
		};
		D7727D042594757300C80DC0 /* Sources */ = {
			isa = PBXSourcesBuildPhase;
			buildActionMask = 2147483647;
			files = (
				D7727D0D2594757300C80DC0 /* prework_updatedUITests.swift in Sources */,
			);
			runOnlyForDeploymentPostprocessing = 0;
		};
/* End PBXSourcesBuildPhase section */

/* Begin PBXTargetDependency section */
		D7727CFF2594757200C80DC0 /* PBXTargetDependency */ = {
			isa = PBXTargetDependency;
			target = D7727CE62594757000C80DC0 /* prework_updated */;
			targetProxy = D7727CFE2594757200C80DC0 /* PBXContainerItemProxy */;
		};
		D7727D0A2594757300C80DC0 /* PBXTargetDependency */ = {
			isa = PBXTargetDependency;
			target = D7727CE62594757000C80DC0 /* prework_updated */;
			targetProxy = D7727D092594757300C80DC0 /* PBXContainerItemProxy */;
		};
/* End PBXTargetDependency section */

/* Begin PBXVariantGroup section */
		D7727CF02594757000C80DC0 /* Main.storyboard */ = {
			isa = PBXVariantGroup;
			children = (
				D7727CF12594757000C80DC0 /* Base */,
			);
			name = Main.storyboard;
			sourceTree = "<group>";
		};
		D7727CF52594757200C80DC0 /* LaunchScreen.storyboard */ = {
			isa = PBXVariantGroup;
			children = (
				D7727CF62594757200C80DC0 /* Base */,
			);
			name = LaunchScreen.storyboard;
			sourceTree = "<group>";
		};
/* End PBXVariantGroup section */

/* Begin XCBuildConfiguration section */
		D7727D0F2594757300C80DC0 /* Debug */ = {
			isa = XCBuildConfiguration;
			buildSettings = {
				ALWAYS_SEARCH_USER_PATHS = NO;
				CLANG_ANALYZER_NONNULL = YES;
				CLANG_ANALYZER_NUMBER_OBJECT_CONVERSION = YES_AGGRESSIVE;
				CLANG_CXX_LANGUAGE_STANDARD = "gnu++14";
				CLANG_CXX_LIBRARY = "libc++";
				CLANG_ENABLE_MODULES = YES;
				CLANG_ENABLE_OBJC_ARC = YES;
				CLANG_ENABLE_OBJC_WEAK = YES;
				CLANG_WARN_BLOCK_CAPTURE_AUTORELEASING = YES;
				CLANG_WARN_BOOL_CONVERSION = YES;
				CLANG_WARN_COMMA = YES;
				CLANG_WARN_CONSTANT_CONVERSION = YES;
				CLANG_WARN_DEPRECATED_OBJC_IMPLEMENTATIONS = YES;
				CLANG_WARN_DIRECT_OBJC_ISA_USAGE = YES_ERROR;
				CLANG_WARN_DOCUMENTATION_COMMENTS = YES;
				CLANG_WARN_EMPTY_BODY = YES;
				CLANG_WARN_ENUM_CONVERSION = YES;
				CLANG_WARN_INFINITE_RECURSION = YES;
				CLANG_WARN_INT_CONVERSION = YES;
				CLANG_WARN_NON_LITERAL_NULL_CONVERSION = YES;
				CLANG_WARN_OBJC_IMPLICIT_RETAIN_SELF = YES;
				CLANG_WARN_OBJC_LITERAL_CONVERSION = YES;
				CLANG_WARN_OBJC_ROOT_CLASS = YES_ERROR;
				CLANG_WARN_QUOTED_INCLUDE_IN_FRAMEWORK_HEADER = YES;
				CLANG_WARN_RANGE_LOOP_ANALYSIS = YES;
				CLANG_WARN_STRICT_PROTOTYPES = YES;
				CLANG_WARN_SUSPICIOUS_MOVE = YES;
				CLANG_WARN_UNGUARDED_AVAILABILITY = YES_AGGRESSIVE;
				CLANG_WARN_UNREACHABLE_CODE = YES;
				CLANG_WARN__DUPLICATE_METHOD_MATCH = YES;
				COPY_PHASE_STRIP = NO;
				DEBUG_INFORMATION_FORMAT = dwarf;
				ENABLE_STRICT_OBJC_MSGSEND = YES;
				ENABLE_TESTABILITY = YES;
				GCC_C_LANGUAGE_STANDARD = gnu11;
				GCC_DYNAMIC_NO_PIC = NO;
				GCC_NO_COMMON_BLOCKS = YES;
				GCC_OPTIMIZATION_LEVEL = 0;
				GCC_PREPROCESSOR_DEFINITIONS = (
					"DEBUG=1",
					"$(inherited)",
				);
				GCC_WARN_64_TO_32_BIT_CONVERSION = YES;
				GCC_WARN_ABOUT_RETURN_TYPE = YES_ERROR;
				GCC_WARN_UNDECLARED_SELECTOR = YES;
				GCC_WARN_UNINITIALIZED_AUTOS = YES_AGGRESSIVE;
				GCC_WARN_UNUSED_FUNCTION = YES;
				GCC_WARN_UNUSED_VARIABLE = YES;
				IPHONEOS_DEPLOYMENT_TARGET = 14.3;
				MTL_ENABLE_DEBUG_INFO = INCLUDE_SOURCE;
				MTL_FAST_MATH = YES;
				ONLY_ACTIVE_ARCH = YES;
				SDKROOT = iphoneos;
				SWIFT_ACTIVE_COMPILATION_CONDITIONS = DEBUG;
				SWIFT_OPTIMIZATION_LEVEL = "-Onone";
			};
			name = Debug;
		};
		D7727D102594757300C80DC0 /* Release */ = {
			isa = XCBuildConfiguration;
			buildSettings = {
				ALWAYS_SEARCH_USER_PATHS = NO;
				CLANG_ANALYZER_NONNULL = YES;
				CLANG_ANALYZER_NUMBER_OBJECT_CONVERSION = YES_AGGRESSIVE;
				CLANG_CXX_LANGUAGE_STANDARD = "gnu++14";
				CLANG_CXX_LIBRARY = "libc++";
				CLANG_ENABLE_MODULES = YES;
				CLANG_ENABLE_OBJC_ARC = YES;
				CLANG_ENABLE_OBJC_WEAK = YES;
				CLANG_WARN_BLOCK_CAPTURE_AUTORELEASING = YES;
				CLANG_WARN_BOOL_CONVERSION = YES;
				CLANG_WARN_COMMA = YES;
				CLANG_WARN_CONSTANT_CONVERSION = YES;
				CLANG_WARN_DEPRECATED_OBJC_IMPLEMENTATIONS = YES;
				CLANG_WARN_DIRECT_OBJC_ISA_USAGE = YES_ERROR;
				CLANG_WARN_DOCUMENTATION_COMMENTS = YES;
				CLANG_WARN_EMPTY_BODY = YES;
				CLANG_WARN_ENUM_CONVERSION = YES;
				CLANG_WARN_INFINITE_RECURSION = YES;
				CLANG_WARN_INT_CONVERSION = YES;
				CLANG_WARN_NON_LITERAL_NULL_CONVERSION = YES;
				CLANG_WARN_OBJC_IMPLICIT_RETAIN_SELF = YES;
				CLANG_WARN_OBJC_LITERAL_CONVERSION = YES;
				CLANG_WARN_OBJC_ROOT_CLASS = YES_ERROR;
				CLANG_WARN_QUOTED_INCLUDE_IN_FRAMEWORK_HEADER = YES;
				CLANG_WARN_RANGE_LOOP_ANALYSIS = YES;
				CLANG_WARN_STRICT_PROTOTYPES = YES;
				CLANG_WARN_SUSPICIOUS_MOVE = YES;
				CLANG_WARN_UNGUARDED_AVAILABILITY = YES_AGGRESSIVE;
				CLANG_WARN_UNREACHABLE_CODE = YES;
				CLANG_WARN__DUPLICATE_METHOD_MATCH = YES;
				COPY_PHASE_STRIP = NO;
				DEBUG_INFORMATION_FORMAT = "dwarf-with-dsym";
				ENABLE_NS_ASSERTIONS = NO;
				ENABLE_STRICT_OBJC_MSGSEND = YES;
				GCC_C_LANGUAGE_STANDARD = gnu11;
				GCC_NO_COMMON_BLOCKS = YES;
				GCC_WARN_64_TO_32_BIT_CONVERSION = YES;
				GCC_WARN_ABOUT_RETURN_TYPE = YES_ERROR;
				GCC_WARN_UNDECLARED_SELECTOR = YES;
				GCC_WARN_UNINITIALIZED_AUTOS = YES_AGGRESSIVE;
				GCC_WARN_UNUSED_FUNCTION = YES;
				GCC_WARN_UNUSED_VARIABLE = YES;
				IPHONEOS_DEPLOYMENT_TARGET = 14.3;
				MTL_ENABLE_DEBUG_INFO = NO;
				MTL_FAST_MATH = YES;
				SDKROOT = iphoneos;
				SWIFT_COMPILATION_MODE = wholemodule;
				SWIFT_OPTIMIZATION_LEVEL = "-O";
				VALIDATE_PRODUCT = YES;
			};
			name = Release;
		};
		D7727D122594757300C80DC0 /* Debug */ = {
			isa = XCBuildConfiguration;
			buildSettings = {
				ASSETCATALOG_COMPILER_APPICON_NAME = AppIcon;
				ASSETCATALOG_COMPILER_GLOBAL_ACCENT_COLOR_NAME = AccentColor;
				CODE_SIGN_STYLE = Automatic;
				DEVELOPMENT_TEAM = WYW5SPXYWV;
				INFOPLIST_FILE = prework_updated/Info.plist;
				LD_RUNPATH_SEARCH_PATHS = (
					"$(inherited)",
					"@executable_path/Frameworks",
				);
				PRODUCT_BUNDLE_IDENTIFIER = "memo.com.prework-updated";
				PRODUCT_NAME = "$(TARGET_NAME)";
				SWIFT_VERSION = 5.0;
				TARGETED_DEVICE_FAMILY = "1,2";
			};
			name = Debug;
		};
		D7727D132594757300C80DC0 /* Release */ = {
			isa = XCBuildConfiguration;
			buildSettings = {
				ASSETCATALOG_COMPILER_APPICON_NAME = AppIcon;
				ASSETCATALOG_COMPILER_GLOBAL_ACCENT_COLOR_NAME = AccentColor;
				CODE_SIGN_STYLE = Automatic;
				DEVELOPMENT_TEAM = WYW5SPXYWV;
				INFOPLIST_FILE = prework_updated/Info.plist;
				LD_RUNPATH_SEARCH_PATHS = (
					"$(inherited)",
					"@executable_path/Frameworks",
				);
				PRODUCT_BUNDLE_IDENTIFIER = "memo.com.prework-updated";
				PRODUCT_NAME = "$(TARGET_NAME)";
				SWIFT_VERSION = 5.0;
				TARGETED_DEVICE_FAMILY = "1,2";
			};
			name = Release;
		};
		D7727D152594757300C80DC0 /* Debug */ = {
			isa = XCBuildConfiguration;
			buildSettings = {
				ALWAYS_EMBED_SWIFT_STANDARD_LIBRARIES = YES;
				BUNDLE_LOADER = "$(TEST_HOST)";
				CODE_SIGN_STYLE = Automatic;
				INFOPLIST_FILE = prework_updatedTests/Info.plist;
				IPHONEOS_DEPLOYMENT_TARGET = 14.3;
				LD_RUNPATH_SEARCH_PATHS = (
					"$(inherited)",
					"@executable_path/Frameworks",
					"@loader_path/Frameworks",
				);
				PRODUCT_BUNDLE_IDENTIFIER = "memo.com.prework-updatedTests";
				PRODUCT_NAME = "$(TARGET_NAME)";
				SWIFT_VERSION = 5.0;
				TARGETED_DEVICE_FAMILY = "1,2";
				TEST_HOST = "$(BUILT_PRODUCTS_DIR)/prework_updated.app/prework_updated";
			};
			name = Debug;
		};
		D7727D162594757300C80DC0 /* Release */ = {
			isa = XCBuildConfiguration;
			buildSettings = {
				ALWAYS_EMBED_SWIFT_STANDARD_LIBRARIES = YES;
				BUNDLE_LOADER = "$(TEST_HOST)";
				CODE_SIGN_STYLE = Automatic;
				INFOPLIST_FILE = prework_updatedTests/Info.plist;
				IPHONEOS_DEPLOYMENT_TARGET = 14.3;
				LD_RUNPATH_SEARCH_PATHS = (
					"$(inherited)",
					"@executable_path/Frameworks",
					"@loader_path/Frameworks",
				);
				PRODUCT_BUNDLE_IDENTIFIER = "memo.com.prework-updatedTests";
				PRODUCT_NAME = "$(TARGET_NAME)";
				SWIFT_VERSION = 5.0;
				TARGETED_DEVICE_FAMILY = "1,2";
				TEST_HOST = "$(BUILT_PRODUCTS_DIR)/prework_updated.app/prework_updated";
			};
			name = Release;
		};
		D7727D182594757300C80DC0 /* Debug */ = {
			isa = XCBuildConfiguration;
			buildSettings = {
				ALWAYS_EMBED_SWIFT_STANDARD_LIBRARIES = YES;
				CODE_SIGN_STYLE = Automatic;
				INFOPLIST_FILE = prework_updatedUITests/Info.plist;
				LD_RUNPATH_SEARCH_PATHS = (
					"$(inherited)",
					"@executable_path/Frameworks",
					"@loader_path/Frameworks",
				);
				PRODUCT_BUNDLE_IDENTIFIER = "memo.com.prework-updatedUITests";
				PRODUCT_NAME = "$(TARGET_NAME)";
				SWIFT_VERSION = 5.0;
				TARGETED_DEVICE_FAMILY = "1,2";
				TEST_TARGET_NAME = prework_updated;
			};
			name = Debug;
		};
		D7727D192594757300C80DC0 /* Release */ = {
			isa = XCBuildConfiguration;
			buildSettings = {
				ALWAYS_EMBED_SWIFT_STANDARD_LIBRARIES = YES;
				CODE_SIGN_STYLE = Automatic;
				INFOPLIST_FILE = prework_updatedUITests/Info.plist;
				LD_RUNPATH_SEARCH_PATHS = (
					"$(inherited)",
					"@executable_path/Frameworks",
					"@loader_path/Frameworks",
				);
				PRODUCT_BUNDLE_IDENTIFIER = "memo.com.prework-updatedUITests";
				PRODUCT_NAME = "$(TARGET_NAME)";
				SWIFT_VERSION = 5.0;
				TARGETED_DEVICE_FAMILY = "1,2";
				TEST_TARGET_NAME = prework_updated;
			};
			name = Release;
		};
/* End XCBuildConfiguration section */

/* Begin XCConfigurationList section */
		D7727CE22594757000C80DC0 /* Build configuration list for PBXProject "prework_updated" */ = {
			isa = XCConfigurationList;
			buildConfigurations = (
				D7727D0F2594757300C80DC0 /* Debug */,
				D7727D102594757300C80DC0 /* Release */,
			);
			defaultConfigurationIsVisible = 0;
			defaultConfigurationName = Release;
		};
		D7727D112594757300C80DC0 /* Build configuration list for PBXNativeTarget "prework_updated" */ = {
			isa = XCConfigurationList;
			buildConfigurations = (
				D7727D122594757300C80DC0 /* Debug */,
				D7727D132594757300C80DC0 /* Release */,
			);
			defaultConfigurationIsVisible = 0;
			defaultConfigurationName = Release;
		};
		D7727D142594757300C80DC0 /* Build configuration list for PBXNativeTarget "prework_updatedTests" */ = {
			isa = XCConfigurationList;
			buildConfigurations = (
				D7727D152594757300C80DC0 /* Debug */,
				D7727D162594757300C80DC0 /* Release */,
			);
			defaultConfigurationIsVisible = 0;
			defaultConfigurationName = Release;
		};
		D7727D172594757300C80DC0 /* Build configuration list for PBXNativeTarget "prework_updatedUITests" */ = {
			isa = XCConfigurationList;
			buildConfigurations = (
				D7727D182594757300C80DC0 /* Debug */,
				D7727D192594757300C80DC0 /* Release */,
			);
			defaultConfigurationIsVisible = 0;
			defaultConfigurationName = Release;
		};
/* End XCConfigurationList section */
	};
	rootObject = D7727CDF2594757000C80DC0 /* Project object */;
}
